
Microsoft Visual Studio Solution File, Format Version 12.00
# Visual Studio Version 16
VisualStudioVersion = 16.0.29905.134
MinimumVisualStudioVersion = 10.0.40219.1
Project("{FAE04EC0-301F-11D3-BF4B-00C04F79EFBC}") = "Lab_2", "Lab_2\Lab_2.csproj", "{47A19860-1ABC-488F-900B-9CDC6D6583FE}"
EndProject
Global
	GlobalSection(SolutionConfigurationPlatforms) = preSolution
		Debug|Any CPU = Debug|Any CPU
		Release|Any CPU = Release|Any CPU
	EndGlobalSection
	GlobalSection(ProjectConfigurationPlatforms) = postSolution
		{47A19860-1ABC-488F-900B-9CDC6D6583FE}.Debug|Any CPU.ActiveCfg = Debug|Any CPU
		{47A19860-1ABC-488F-900B-9CDC6D6583FE}.Debug|Any CPU.Build.0 = Debug|Any CPU
		{47A19860-1ABC-488F-900B-9CDC6D6583FE}.Release|Any CPU.ActiveCfg = Release|Any CPU
		{47A19860-1ABC-488F-900B-9CDC6D6583FE}.Release|Any CPU.Build.0 = Release|Any CPU
	EndGlobalSection
	GlobalSection(SolutionProperties) = preSolution
		HideSolutionNode = FALSE
	EndGlobalSection
	GlobalSection(ExtensibilityGlobals) = postSolution
		SolutionGuid = {8E2020F6-C894-4E88-BE62-23315D2CDF86}
	EndGlobalSection
EndGlobal
